
Microsoft Visual Studio Solution File, Format Version 12.00
# Visual Studio 15
VisualStudioVersion = 15.0.28307.902
MinimumVisualStudioVersion = 10.0.40219.1
Project("{2150E333-8FDC-42A3-9474-1A3956D46DE8}") = "Solution Items", "Solution Items", "{82D2EC2A-8FDB-4BAC-AE7E-4DCE5A8066F5}"
	ProjectSection(SolutionItems) = preProject
		home.css = home.css
		home.html = home.html
		link.html = link.html
		prof2.css = prof2.css
		prof2.html = prof2.html
		prof3.css = prof3.css
		prof3.html = prof3.html
		profile.css = profile.css
		profile.html = profile.html
		reseach.css = reseach.css
		research.html = research.html
		StyleSheet1.css = StyleSheet1.css
	EndProjectSection
EndProject
Global
	GlobalSection(SolutionProperties) = preSolution
		HideSolutionNode = FALSE
	EndGlobalSection
	GlobalSection(ExtensibilityGlobals) = postSolution
		SolutionGuid = {1D715565-473B-4F5B-9583-FAA7B9D424A2}
	EndGlobalSection
EndGlobal
